{
  "requires": true,
  "lockfileVersion": 1,
  "dependencies": {
    "node-normalize-scss": {
      "version": "8.0.1",
      "resolved": "https://registry.npmjs.org/node-normalize-scss/-/node-normalize-scss-8.0.1.tgz",
      "integrity": "sha512-viPhFNDOuHAHxW8J0Yk4qfT4YWO7y21fpjQGRK9hM9jYKeQR2wdw3ughQnCW4roz5cCNSdJZccfRZOXj83PEcg==",
      "dev": true
    }
  }
}
